
Microsoft Visual Studio Solution File, Format Version 12.00
# Visual Studio Version 17
VisualStudioVersion = 17.5.33627.172
MinimumVisualStudioVersion = 10.0.40219.1
Project("{2150E333-8FDC-42A3-9474-1A3956D46DE8}") = "Services", "Services", "{30C81FEA-2DE7-4DF8-9FE2-DB76A56B7B85}"
EndProject
Project("{2150E333-8FDC-42A3-9474-1A3956D46DE8}") = "Catalog", "Catalog", "{F037674F-7A29-4AFD-97B2-4CABA0318F5A}"
EndProject
Project("{9A19103F-16F7-4668-BE54-9A1E7A4F7556}") = "Catalog.API", "Services\Catalog\Catalog.API\Catalog.API.csproj", "{C6462EBC-966F-4737-BB0D-F8763562692F}"
EndProject
Project("{E53339B2-1760-4266-BCC7-CA923CBCF16C}") = "docker-compose", "docker-compose.dcproj", "{FF6D5914-8D2A-42A1-8E18-D0AD1777A38E}"
EndProject
Project("{2150E333-8FDC-42A3-9474-1A3956D46DE8}") = "Basket", "Basket", "{0BFBB6D8-950A-4C66-8DFC-78143E33C68E}"
EndProject
Project("{9A19103F-16F7-4668-BE54-9A1E7A4F7556}") = "Basket.API", "Services\Basket\Basket.API\Basket.API.csproj", "{BE14B067-1DC0-4CEE-9705-62861D431B52}"
EndProject
Project("{2150E333-8FDC-42A3-9474-1A3956D46DE8}") = "Discount", "Discount", "{F7C920B3-3835-4F8D-A5A6-AFC4367693BF}"
EndProject
Project("{9A19103F-16F7-4668-BE54-9A1E7A4F7556}") = "Discount.API", "Services\Discount\Discount.API\Discount.API.csproj", "{4413BBB9-E05F-4A23-8B5E-283B5E8CB3CA}"
EndProject
Project("{9A19103F-16F7-4668-BE54-9A1E7A4F7556}") = "Discount.Grpc", "Services\Discount\Discount.Grpc\Discount.Grpc.csproj", "{3CB6F053-067E-4025-A1EE-D589AF395AB3}"
EndProject
Project("{2150E333-8FDC-42A3-9474-1A3956D46DE8}") = "Ordering", "Ordering", "{FCEB477F-AEE3-403A-9683-9AE59B7D8E57}"
EndProject
Project("{9A19103F-16F7-4668-BE54-9A1E7A4F7556}") = "Ordering.API", "Services\Ordering\Ordering.API\Ordering.API.csproj", "{E4FC86C0-3E53-4061-A810-5657FC789A52}"
EndProject
Project("{9A19103F-16F7-4668-BE54-9A1E7A4F7556}") = "Ordering.Domain", "Services\Ordering\Ordering.Domain\Ordering.Domain.csproj", "{D300F670-9DE9-40A4-9859-962A4B687944}"
EndProject
Project("{9A19103F-16F7-4668-BE54-9A1E7A4F7556}") = "Ordering.Application", "Services\Ordering\Ordering.Application\Ordering.Application.csproj", "{10334C78-B115-4A9B-85A6-D31C0E6C2A8E}"
EndProject
Project("{9A19103F-16F7-4668-BE54-9A1E7A4F7556}") = "Ordering.Infrastructure", "Services\Ordering\Ordering.Infrastructure\Ordering.Infrastructure.csproj", "{82902D23-43E9-4897-BD4A-A37DC2426981}"
EndProject
Project("{2150E333-8FDC-42A3-9474-1A3956D46DE8}") = "BuildingBlocks", "BuildingBlocks", "{C02663C7-2D7C-4E7A-BCFE-07B841B93707}"
EndProject
Project("{9A19103F-16F7-4668-BE54-9A1E7A4F7556}") = "EventBus.Messages", "BuildingBlocks\EventBus.Messages\EventBus.Messages.csproj", "{D14AD604-57CB-4D27-956C-994914E8D9B0}"
EndProject
Project("{2150E333-8FDC-42A3-9474-1A3956D46DE8}") = "ApiGateways", "ApiGateways", "{ADEEEA84-A24A-444A-A2DE-4FFC8D3B5DB6}"
EndProject
Project("{FAE04EC0-301F-11D3-BF4B-00C04F79EFBC}") = "OcelotApiGw", "ApiGateways\OcelotApiGw\OcelotApiGw.csproj", "{DA830D3A-210E-4C76-B5E7-7F97573E3283}"
EndProject
Global
	GlobalSection(SolutionConfigurationPlatforms) = preSolution
		Debug|Any CPU = Debug|Any CPU
		Release|Any CPU = Release|Any CPU
	EndGlobalSection
	GlobalSection(ProjectConfigurationPlatforms) = postSolution
		{C6462EBC-966F-4737-BB0D-F8763562692F}.Debug|Any CPU.ActiveCfg = Debug|Any CPU
		{C6462EBC-966F-4737-BB0D-F8763562692F}.Debug|Any CPU.Build.0 = Debug|Any CPU
		{C6462EBC-966F-4737-BB0D-F8763562692F}.Release|Any CPU.ActiveCfg = Release|Any CPU
		{C6462EBC-966F-4737-BB0D-F8763562692F}.Release|Any CPU.Build.0 = Release|Any CPU
		{FF6D5914-8D2A-42A1-8E18-D0AD1777A38E}.Debug|Any CPU.ActiveCfg = Debug|Any CPU
		{FF6D5914-8D2A-42A1-8E18-D0AD1777A38E}.Debug|Any CPU.Build.0 = Debug|Any CPU
		{FF6D5914-8D2A-42A1-8E18-D0AD1777A38E}.Release|Any CPU.ActiveCfg = Release|Any CPU
		{FF6D5914-8D2A-42A1-8E18-D0AD1777A38E}.Release|Any CPU.Build.0 = Release|Any CPU
		{BE14B067-1DC0-4CEE-9705-62861D431B52}.Debug|Any CPU.ActiveCfg = Debug|Any CPU
		{BE14B067-1DC0-4CEE-9705-62861D431B52}.Debug|Any CPU.Build.0 = Debug|Any CPU
		{BE14B067-1DC0-4CEE-9705-62861D431B52}.Release|Any CPU.ActiveCfg = Release|Any CPU
		{BE14B067-1DC0-4CEE-9705-62861D431B52}.Release|Any CPU.Build.0 = Release|Any CPU
		{4413BBB9-E05F-4A23-8B5E-283B5E8CB3CA}.Debug|Any CPU.ActiveCfg = Debug|Any CPU
		{4413BBB9-E05F-4A23-8B5E-283B5E8CB3CA}.Debug|Any CPU.Build.0 = Debug|Any CPU
		{4413BBB9-E05F-4A23-8B5E-283B5E8CB3CA}.Release|Any CPU.ActiveCfg = Release|Any CPU
		{4413BBB9-E05F-4A23-8B5E-283B5E8CB3CA}.Release|Any CPU.Build.0 = Release|Any CPU
		{3CB6F053-067E-4025-A1EE-D589AF395AB3}.Debug|Any CPU.ActiveCfg = Debug|Any CPU
		{3CB6F053-067E-4025-A1EE-D589AF395AB3}.Debug|Any CPU.Build.0 = Debug|Any CPU
		{3CB6F053-067E-4025-A1EE-D589AF395AB3}.Release|Any CPU.ActiveCfg = Release|Any CPU
		{3CB6F053-067E-4025-A1EE-D589AF395AB3}.Release|Any CPU.Build.0 = Release|Any CPU
		{E4FC86C0-3E53-4061-A810-5657FC789A52}.Debug|Any CPU.ActiveCfg = Debug|Any CPU
		{E4FC86C0-3E53-4061-A810-5657FC789A52}.Debug|Any CPU.Build.0 = Debug|Any CPU
		{E4FC86C0-3E53-4061-A810-5657FC789A52}.Release|Any CPU.ActiveCfg = Release|Any CPU
		{E4FC86C0-3E53-4061-A810-5657FC789A52}.Release|Any CPU.Build.0 = Release|Any CPU
		{D300F670-9DE9-40A4-9859-962A4B687944}.Debug|Any CPU.ActiveCfg = Debug|Any CPU
		{D300F670-9DE9-40A4-9859-962A4B687944}.Debug|Any CPU.Build.0 = Debug|Any CPU
		{D300F670-9DE9-40A4-9859-962A4B687944}.Release|Any CPU.ActiveCfg = Release|Any CPU
		{D300F670-9DE9-40A4-9859-962A4B687944}.Release|Any CPU.Build.0 = Release|Any CPU
		{10334C78-B115-4A9B-85A6-D31C0E6C2A8E}.Debug|Any CPU.ActiveCfg = Debug|Any CPU
		{10334C78-B115-4A9B-85A6-D31C0E6C2A8E}.Debug|Any CPU.Build.0 = Debug|Any CPU
		{10334C78-B115-4A9B-85A6-D31C0E6C2A8E}.Release|Any CPU.ActiveCfg = Release|Any CPU
		{10334C78-B115-4A9B-85A6-D31C0E6C2A8E}.Release|Any CPU.Build.0 = Release|Any CPU
		{82902D23-43E9-4897-BD4A-A37DC2426981}.Debug|Any CPU.ActiveCfg = Debug|Any CPU
		{82902D23-43E9-4897-BD4A-A37DC2426981}.Debug|Any CPU.Build.0 = Debug|Any CPU
		{82902D23-43E9-4897-BD4A-A37DC2426981}.Release|Any CPU.ActiveCfg = Release|Any CPU
		{82902D23-43E9-4897-BD4A-A37DC2426981}.Release|Any CPU.Build.0 = Release|Any CPU
		{D14AD604-57CB-4D27-956C-994914E8D9B0}.Debug|Any CPU.ActiveCfg = Debug|Any CPU
		{D14AD604-57CB-4D27-956C-994914E8D9B0}.Debug|Any CPU.Build.0 = Debug|Any CPU
		{D14AD604-57CB-4D27-956C-994914E8D9B0}.Release|Any CPU.ActiveCfg = Release|Any CPU
		{D14AD604-57CB-4D27-956C-994914E8D9B0}.Release|Any CPU.Build.0 = Release|Any CPU
		{DA830D3A-210E-4C76-B5E7-7F97573E3283}.Debug|Any CPU.ActiveCfg = Debug|Any CPU
		{DA830D3A-210E-4C76-B5E7-7F97573E3283}.Debug|Any CPU.Build.0 = Debug|Any CPU
		{DA830D3A-210E-4C76-B5E7-7F97573E3283}.Release|Any CPU.ActiveCfg = Release|Any CPU
		{DA830D3A-210E-4C76-B5E7-7F97573E3283}.Release|Any CPU.Build.0 = Release|Any CPU
	EndGlobalSection
	GlobalSection(SolutionProperties) = preSolution
		HideSolutionNode = FALSE
	EndGlobalSection
	GlobalSection(NestedProjects) = preSolution
		{F037674F-7A29-4AFD-97B2-4CABA0318F5A} = {30C81FEA-2DE7-4DF8-9FE2-DB76A56B7B85}
		{C6462EBC-966F-4737-BB0D-F8763562692F} = {F037674F-7A29-4AFD-97B2-4CABA0318F5A}
		{0BFBB6D8-950A-4C66-8DFC-78143E33C68E} = {30C81FEA-2DE7-4DF8-9FE2-DB76A56B7B85}
		{BE14B067-1DC0-4CEE-9705-62861D431B52} = {0BFBB6D8-950A-4C66-8DFC-78143E33C68E}
		{F7C920B3-3835-4F8D-A5A6-AFC4367693BF} = {30C81FEA-2DE7-4DF8-9FE2-DB76A56B7B85}
		{4413BBB9-E05F-4A23-8B5E-283B5E8CB3CA} = {F7C920B3-3835-4F8D-A5A6-AFC4367693BF}
		{3CB6F053-067E-4025-A1EE-D589AF395AB3} = {F7C920B3-3835-4F8D-A5A6-AFC4367693BF}
		{FCEB477F-AEE3-403A-9683-9AE59B7D8E57} = {30C81FEA-2DE7-4DF8-9FE2-DB76A56B7B85}
		{E4FC86C0-3E53-4061-A810-5657FC789A52} = {FCEB477F-AEE3-403A-9683-9AE59B7D8E57}
		{D300F670-9DE9-40A4-9859-962A4B687944} = {FCEB477F-AEE3-403A-9683-9AE59B7D8E57}
		{10334C78-B115-4A9B-85A6-D31C0E6C2A8E} = {FCEB477F-AEE3-403A-9683-9AE59B7D8E57}
		{82902D23-43E9-4897-BD4A-A37DC2426981} = {FCEB477F-AEE3-403A-9683-9AE59B7D8E57}
		{D14AD604-57CB-4D27-956C-994914E8D9B0} = {C02663C7-2D7C-4E7A-BCFE-07B841B93707}
		{DA830D3A-210E-4C76-B5E7-7F97573E3283} = {ADEEEA84-A24A-444A-A2DE-4FFC8D3B5DB6}
	EndGlobalSection
	GlobalSection(ExtensibilityGlobals) = postSolution
		SolutionGuid = {C13DD681-A95A-4283-984D-69C4F3459F11}
	EndGlobalSection
EndGlobal
